
Microsoft Visual Studio Solution File, Format Version 12.00
# Visual Studio Version 17
VisualStudioVersion = 17.0.31903.59
MinimumVisualStudioVersion = 10.0.40219.1
Project("{2150E333-8FDC-42A3-9474-1A3956D46DE8}") = "src", "src", "{D576CDBC-8E68-4438-87AC-CB7D1B728E69}"
EndProject
Project("{F2A71F9B-5D33-465A-A702-920D77279786}") = "FsSqlDom", "src\FsSqlDom\FsSqlDom.fsproj", "{37F20543-4D77-41CF-A114-C2A8DE51A13A}"
EndProject
Project("{2150E333-8FDC-42A3-9474-1A3956D46DE8}") = "tests", "tests", "{11791ADB-D0A3-4BB5-8A93-9D9BAD63D240}"
EndProject
Project("{F2A71F9B-5D33-465A-A702-920D77279786}") = "FsSqlDom.Tests", "tests\FsSqlDom.Tests\FsSqlDom.Tests.fsproj", "{B7302B44-826E-404C-BA01-5962598D49D5}"
EndProject
Global
	GlobalSection(SolutionConfigurationPlatforms) = preSolution
		Debug|Any CPU = Debug|Any CPU
		Release|Any CPU = Release|Any CPU
	EndGlobalSection
	GlobalSection(SolutionProperties) = preSolution
		HideSolutionNode = FALSE
	EndGlobalSection
	GlobalSection(ProjectConfigurationPlatforms) = postSolution
		{37F20543-4D77-41CF-A114-C2A8DE51A13A}.Debug|Any CPU.ActiveCfg = Debug|Any CPU
		{37F20543-4D77-41CF-A114-C2A8DE51A13A}.Debug|Any CPU.Build.0 = Debug|Any CPU
		{37F20543-4D77-41CF-A114-C2A8DE51A13A}.Release|Any CPU.ActiveCfg = Release|Any CPU
		{37F20543-4D77-41CF-A114-C2A8DE51A13A}.Release|Any CPU.Build.0 = Release|Any CPU
		{B7302B44-826E-404C-BA01-5962598D49D5}.Debug|Any CPU.ActiveCfg = Debug|Any CPU
		{B7302B44-826E-404C-BA01-5962598D49D5}.Debug|Any CPU.Build.0 = Debug|Any CPU
		{B7302B44-826E-404C-BA01-5962598D49D5}.Release|Any CPU.ActiveCfg = Release|Any CPU
		{B7302B44-826E-404C-BA01-5962598D49D5}.Release|Any CPU.Build.0 = Release|Any CPU
	EndGlobalSection
	GlobalSection(NestedProjects) = preSolution
		{37F20543-4D77-41CF-A114-C2A8DE51A13A} = {D576CDBC-8E68-4438-87AC-CB7D1B728E69}
		{B7302B44-826E-404C-BA01-5962598D49D5} = {11791ADB-D0A3-4BB5-8A93-9D9BAD63D240}
	EndGlobalSection
EndGlobal
